Microsoft Visual Studio Solution File, Format Version 12.00
# Visual Studio 14
VisualStudioVersion = 14.0.25420.1
MinimumVisualStudioVersion = 10.0.40219.1
Project("{FAE04EC0-301F-11D3-BF4B-00C04F79EFBC}") = "GS.Recruitment.Repository", "GS.Recruitment.Repository\GS.Recruitment.Repository.csproj", "{50C07AF6-74DE-410B-8795-E1F17358CF20}"
EndProject
Project("{FAE04EC0-301F-11D3-BF4B-00C04F79EFBC}") = "GS.Recruitment.BusinessServices", "GS.Recruitment.BusinessServices\GS.Recruitment.BusinessServices.csproj", "{AC5F3F17-A58B-452C-9801-CE85255E9623}"
EndProject
Project("{FAE04EC0-301F-11D3-BF4B-00C04F79EFBC}") = "GS.Recruitment.Web", "GS.Recruitment.Web\GS.Recruitment.Web.csproj", "{082AC465-5F43-49B9-80EA-F6239CC47E5A}"
EndProject
Project("{FAE04EC0-301F-11D3-BF4B-00C04F79EFBC}") = "GS.Recruitment.BusinessObjects", "GS.Recruitment.BusinessObjects\GS.Recruitment.BusinessObjects.csproj", "{F46E3C7E-3204-4917-A7FB-1995EA00F1C3}"
EndProject
Project("{FAE04EC0-301F-11D3-BF4B-00C04F79EFBC}") = "GS.Recruitment.Framework", "GS.Recruitment.Framework\GS.Recruitment.Framework.csproj", "{2F04C042-8B45-4E39-A0AB-0D4DAC0B4A46}"
EndProject
Project("{00D1A9C2-B5F0-4AF3-8072-F6C62B433612}") = "GS.Recruitment.Db", "GS.Recruitment.Db\GS.Recruitment.Db\GS.Recruitment.Db.sqlproj", "{A5D60BE9-FCA3-4AD8-85F1-67FA492E7AF1}"
EndProject
Global
	GlobalSection(SolutionConfigurationPlatforms) = preSolution
		Debug|Any CPU = Debug|Any CPU
		Release|Any CPU = Release|Any CPU
	EndGlobalSection
	GlobalSection(ProjectConfigurationPlatforms) = postSolution
		{50C07AF6-74DE-410B-8795-E1F17358CF20}.Debug|Any CPU.ActiveCfg = Debug|Any CPU
		{50C07AF6-74DE-410B-8795-E1F17358CF20}.Debug|Any CPU.Build.0 = Debug|Any CPU
		{50C07AF6-74DE-410B-8795-E1F17358CF20}.Release|Any CPU.ActiveCfg = Release|Any CPU
		{50C07AF6-74DE-410B-8795-E1F17358CF20}.Release|Any CPU.Build.0 = Release|Any CPU
		{AC5F3F17-A58B-452C-9801-CE85255E9623}.Debug|Any CPU.ActiveCfg = Debug|Any CPU
		{AC5F3F17-A58B-452C-9801-CE85255E9623}.Debug|Any CPU.Build.0 = Debug|Any CPU
		{AC5F3F17-A58B-452C-9801-CE85255E9623}.Release|Any CPU.ActiveCfg = Release|Any CPU
		{AC5F3F17-A58B-452C-9801-CE85255E9623}.Release|Any CPU.Build.0 = Release|Any CPU
		{082AC465-5F43-49B9-80EA-F6239CC47E5A}.Debug|Any CPU.ActiveCfg = Debug|Any CPU
		{082AC465-5F43-49B9-80EA-F6239CC47E5A}.Debug|Any CPU.Build.0 = Debug|Any CPU
		{082AC465-5F43-49B9-80EA-F6239CC47E5A}.Release|Any CPU.ActiveCfg = Release|Any CPU
		{082AC465-5F43-49B9-80EA-F6239CC47E5A}.Release|Any CPU.Build.0 = Release|Any CPU
		{F46E3C7E-3204-4917-A7FB-1995EA00F1C3}.Debug|Any CPU.ActiveCfg = Debug|Any CPU
		{F46E3C7E-3204-4917-A7FB-1995EA00F1C3}.Debug|Any CPU.Build.0 = Debug|Any CPU
		{F46E3C7E-3204-4917-A7FB-1995EA00F1C3}.Release|Any CPU.ActiveCfg = Release|Any CPU
		{F46E3C7E-3204-4917-A7FB-1995EA00F1C3}.Release|Any CPU.Build.0 = Release|Any CPU
		{2F04C042-8B45-4E39-A0AB-0D4DAC0B4A46}.Debug|Any CPU.ActiveCfg = Debug|Any CPU
		{2F04C042-8B45-4E39-A0AB-0D4DAC0B4A46}.Debug|Any CPU.Build.0 = Debug|Any CPU
		{2F04C042-8B45-4E39-A0AB-0D4DAC0B4A46}.Release|Any CPU.ActiveCfg = Release|Any CPU
		{2F04C042-8B45-4E39-A0AB-0D4DAC0B4A46}.Release|Any CPU.Build.0 = Release|Any CPU
		{A5D60BE9-FCA3-4AD8-85F1-67FA492E7AF1}.Debug|Any CPU.ActiveCfg = Debug|Any CPU
		{A5D60BE9-FCA3-4AD8-85F1-67FA492E7AF1}.Debug|Any CPU.Build.0 = Debug|Any CPU
		{A5D60BE9-FCA3-4AD8-85F1-67FA492E7AF1}.Debug|Any CPU.Deploy.0 = Debug|Any CPU
		{A5D60BE9-FCA3-4AD8-85F1-67FA492E7AF1}.Release|Any CPU.ActiveCfg = Release|Any CPU
		{A5D60BE9-FCA3-4AD8-85F1-67FA492E7AF1}.Release|Any CPU.Build.0 = Release|Any CPU
		{A5D60BE9-FCA3-4AD8-85F1-67FA492E7AF1}.Release|Any CPU.Deploy.0 = Release|Any CPU
	EndGlobalSection
	GlobalSection(SolutionProperties) = preSolution
		HideSolutionNode = FALSE
	EndGlobalSection
EndGlobal
